
Microsoft Visual Studio Solution File, Format Version 12.00
# Visual Studio Version 16
VisualStudioVersion = 16.0.31205.134
MinimumVisualStudioVersion = 10.0.40219.1
Project("{FAE04EC0-301F-11D3-BF4B-00C04F79EFBC}") = "DoAnCuoiKy", "DoAnCuoiKy\DoAnCuoiKy.csproj", "{56159B3C-289B-43C6-A564-95DB15C5EE53}"
EndProject
Global
	GlobalSection(SolutionConfigurationPlatforms) = preSolution
		Debug|Any CPU = Debug|Any CPU
		Release|Any CPU = Release|Any CPU
	EndGlobalSection
	GlobalSection(ProjectConfigurationPlatforms) = postSolution
		{56159B3C-289B-43C6-A564-95DB15C5EE53}.Debug|Any CPU.ActiveCfg = Debug|Any CPU
		{56159B3C-289B-43C6-A564-95DB15C5EE53}.Debug|Any CPU.Build.0 = Debug|Any CPU
		{56159B3C-289B-43C6-A564-95DB15C5EE53}.Release|Any CPU.ActiveCfg = Release|Any CPU
		{56159B3C-289B-43C6-A564-95DB15C5EE53}.Release|Any CPU.Build.0 = Release|Any CPU
	EndGlobalSection
	GlobalSection(SolutionProperties) = preSolution
		HideSolutionNode = FALSE
	EndGlobalSection
	GlobalSection(ExtensibilityGlobals) = postSolution
		SolutionGuid = {53016CBA-31CD-4208-AFFA-45B25E8B62A2}
	EndGlobalSection
EndGlobal
